
Microsoft Visual Studio Solution File, Format Version 12.00
# Visual Studio 2012
Project("{FAE04EC0-301F-11D3-BF4B-00C04F79EFBC}") = "Escritura en archivos", "Escritura en archivos\Escritura en archivos.csproj", "{6F7FE3A6-4BEA-4B6E-8397-077A3FD399E7}"
EndProject
Project("{FAE04EC0-301F-11D3-BF4B-00C04F79EFBC}") = "WGuardador", "WGuardador\WGuardador.csproj", "{DF3DE652-194F-4742-B3C7-AE5349306A20}"
EndProject
Global
	GlobalSection(SolutionConfigurationPlatforms) = preSolution
		Debug|Any CPU = Debug|Any CPU
		Release|Any CPU = Release|Any CPU
	EndGlobalSection
	GlobalSection(ProjectConfigurationPlatforms) = postSolution
		{6F7FE3A6-4BEA-4B6E-8397-077A3FD399E7}.Debug|Any CPU.ActiveCfg = Debug|Any CPU
		{6F7FE3A6-4BEA-4B6E-8397-077A3FD399E7}.Debug|Any CPU.Build.0 = Debug|Any CPU
		{6F7FE3A6-4BEA-4B6E-8397-077A3FD399E7}.Release|Any CPU.ActiveCfg = Release|Any CPU
		{6F7FE3A6-4BEA-4B6E-8397-077A3FD399E7}.Release|Any CPU.Build.0 = Release|Any CPU
		{DF3DE652-194F-4742-B3C7-AE5349306A20}.Debug|Any CPU.ActiveCfg = Debug|Any CPU
		{DF3DE652-194F-4742-B3C7-AE5349306A20}.Debug|Any CPU.Build.0 = Debug|Any CPU
		{DF3DE652-194F-4742-B3C7-AE5349306A20}.Release|Any CPU.ActiveCfg = Release|Any CPU
		{DF3DE652-194F-4742-B3C7-AE5349306A20}.Release|Any CPU.Build.0 = Release|Any CPU
	EndGlobalSection
	GlobalSection(SolutionProperties) = preSolution
		HideSolutionNode = FALSE
	EndGlobalSection
EndGlobal
